# This file is automatically @generated by Cargo.
# It is not intended for manual editing.
version = 4

[[package]]
name = "blend-eraser"
version = "0.1.0"
dependencies = [
 "fotox-plugin",
]

[[package]]
name = "fotox-plugin"
version = "0.1.0"

[[package]]
name = "plain-eraser"
version = "0.1.0"
dependencies = [
 "fotox-plugin",
]
